{
  "version": 4,
  "terraform_version": "1.2.7",
  "serial": 186,
  "lineage": "e624e53e-4ca4-4b4f-a75b-4b762d1c35ee",
  "outputs": {},
  "resources": [
    {
      "module": "module.adf",
      "mode": "managed",
      "type": "azurerm_data_factory",
      "name": "adf",
      "provider": "provider[\"registry.terraform.io/hashicorp/azurerm\"]",
      "instances": [
        {
          "schema_version": 2,
          "attributes": {
            "customer_managed_key_id": "",
            "customer_managed_key_identity_id": "",
            "github_configuration": [
              {
                "account_name": "jeffangel",
                "branch_name": "principal",
                "git_url": "https://github.com",
                "repository_name": "DataFactory",
                "root_folder": "/"
              }
            ],
            "global_parameter": [],
            "id": "/subscriptions/c103e0b7-895a-4bfd-90fa-166d56191647/resourceGroups/RG_Proyecto/providers/Microsoft.DataFactory/factories/adfjean93",
            "identity": [
              {
                "identity_ids": null,
                "principal_id": "5dcd14de-b8a9-4b2d-81e2-625018f37d98",
                "tenant_id": "a68d78ff-0705-4ce1-a248-9f0433112f20",
                "type": "SystemAssigned"
              }
            ],
            "location": "eastus",
            "managed_virtual_network_enabled": false,
            "name": "adfjean93",
            "public_network_enabled": true,
            "purview_id": null,
            "resource_group_name": "RG_Proyecto",
            "tags": null,
            "timeouts": null,
            "vsts_configuration": []
          },
          "sensitive_attributes": [],
          "private": "eyJlMmJmYjczMC1lY2FhLTExZTYtOGY4OC0zNDM2M2JjN2M0YzAiOnsiY3JlYXRlIjoxODAwMDAwMDAwMDAwLCJkZWxldGUiOjE4MDAwMDAwMDAwMDAsInJlYWQiOjMwMDAwMDAwMDAwMCwidXBkYXRlIjoxODAwMDAwMDAwMDAwfSwic2NoZW1hX3ZlcnNpb24iOiIyIn0=",
          "dependencies": [
            "module.rg.azurerm_resource_group.rg"
          ]
        }
      ]
    },
    {
      "module": "module.iot_hub",
      "mode": "managed",
      "type": "azurerm_iothub",
      "name": "iothub",
      "provider": "provider[\"registry.terraform.io/hashicorp/azurerm\"]",
      "instances": [
        {
          "schema_version": 0,
          "attributes": {
            "cloud_to_device": [
              {
                "default_ttl": "PT1H",
                "feedback": [
                  {
                    "lock_duration": "PT1M",
                    "max_delivery_count": 10,
                    "time_to_live": "PT1H"
                  }
                ],
                "max_delivery_count": 10
              }
            ],
            "endpoint": [
              {
                "authentication_type": "keyBased",
                "batch_frequency_in_seconds": 60,
                "connection_string": "DefaultEndpointsProtocol=https;BlobEndpoint=https://stgdtlkg2iotjean93.blob.core.windows.net/;AccountName=stgdtlkg2iotjean93;AccountKey=****",
                "container_name": "landing",
                "encoding": "JSON",
                "endpoint_uri": "",
                "entity_path": "",
                "file_name_format": "{iothub}/{partition}/{YYYY}/{MM}/{DD}/{HH}_{mm}.json",
                "identity_id": "",
                "max_chunk_size_in_bytes": 10485760,
                "name": "Export",
                "resource_group_name": "",
                "type": "AzureIotHub.StorageContainer"
              }
            ],
            "enrichment": [],
            "event_hub_events_endpoint": "sb://ihsuprodblres075dednamespace.servicebus.windows.net/",
            "event_hub_events_namespace": "ihsuprodblres075dednamespace",
            "event_hub_events_path": "iothub-ehub-jeariothub-21761308-65ea2b3be9",
            "event_hub_operations_endpoint": null,
            "event_hub_operations_path": null,
            "event_hub_partition_count": 2,
            "event_hub_retention_in_days": 1,
            "fallback_route": [
              {
                "condition": "true",
                "enabled": true,
                "endpoint_names": [
                  "events"
                ],
                "source": "DeviceMessages"
              }
            ],
            "file_upload": [],
            "hostname": "jeariothub1.azure-devices.net",
            "id": "/subscriptions/c103e0b7-895a-4bfd-90fa-166d56191647/resourceGroups/RG_Proyecto/providers/Microsoft.Devices/IotHubs/jeariothub1",
            "identity": [],
            "location": "eastus",
            "min_tls_version": "",
            "name": "jeariothub1",
            "network_rule_set": [],
            "public_network_access_enabled": null,
            "resource_group_name": "RG_Proyecto",
            "route": [
              {
                "condition": "true",
                "enabled": true,
                "endpoint_names": [
                  "Export"
                ],
                "name": "route1",
                "source": "DeviceMessages"
              }
            ],
            "shared_access_policy": [
              {
                "key_name": "iothubowner",
                "permissions": "RegistryWrite, ServiceConnect, DeviceConnect",
                "primary_key": "+B9qmM2z9PqvAgyhddkP7HSx4B252Ey9F/zFIbmpyXM=",
                "secondary_key": "t08XSXxPEyjTs71ex5nZaFM3KlnMuhjysHcqsCFiG+0="
              },
              {
                "key_name": "service",
                "permissions": "ServiceConnect",
                "primary_key": "lPptYYzmLgOl+91u37aSX/ei/yIyCfa4rxU3iBWl05A=",
                "secondary_key": "n5Ahvfb7Y6l+9T4iPVT7wBIZ83XZrdpXxi8Tm8/vLUo="
              },
              {
                "key_name": "device",
                "permissions": "DeviceConnect",
                "primary_key": "+L/5OxmMCpeNeXfqV3ZZFAUTtLXyEXLnFpU1W3fYum0=",
                "secondary_key": "BVFwDZVg5gtSoiQm3FnnnVnEwtHSk0pCWuiVaLHGpJQ="
              },
              {
                "key_name": "registryRead",
                "permissions": "RegistryRead",
                "primary_key": "IporXK6CQAnhbm6NvtnpDG1JbZ6GBaRY/P3asUUHWkI=",
                "secondary_key": "vnVAmIJ9WqMuWA2FhAWlnzGKYR97xWKd2Ydi9y30Fts="
              },
              {
                "key_name": "registryReadWrite",
                "permissions": "RegistryWrite",
                "primary_key": "ZqHD3AQxkfQKc5pQcYsazudUCQTOPccEWWIeM5L57TE=",
                "secondary_key": "HiT9Jr6oVSKZNW5qCU/BXK9wBsE79DGAWVSPfDQ0b0o="
              }
            ],
            "sku": [
              {
                "capacity": 1,
                "name": "F1"
              }
            ],
            "tags": null,
            "timeouts": null,
            "type": "Microsoft.Devices/IotHubs"
          },
          "sensitive_attributes": [
            [
              {
                "type": "get_attr",
                "value": "endpoint"
              },
              {
                "type": "index",
                "value": {
                  "value": 0,
                  "type": "number"
                }
              },
              {
                "type": "get_attr",
                "value": "connection_string"
              }
            ]
          ],
          "private": "eyJlMmJmYjczMC1lY2FhLTExZTYtOGY4OC0zNDM2M2JjN2M0YzAiOnsiY3JlYXRlIjoxODAwMDAwMDAwMDAwLCJkZWxldGUiOjE4MDAwMDAwMDAwMDAsInJlYWQiOjMwMDAwMDAwMDAwMCwidXBkYXRlIjoxODAwMDAwMDAwMDAwfX0=",
          "dependencies": [
            "module.rg.azurerm_resource_group.rg",
            "module.stg_acc.azurerm_storage_account.stg_account",
            "module.stg_acc.azurerm_storage_container.container1"
          ]
        }
      ]
    },
    {
      "module": "module.iot_hub",
      "mode": "managed",
      "type": "azurerm_iothub_route",
      "name": "route1",
      "provider": "provider[\"registry.terraform.io/hashicorp/azurerm\"]",
      "instances": [
        {
          "schema_version": 0,
          "attributes": {
            "condition": "true",
            "enabled": true,
            "endpoint_names": [
              "events"
            ],
            "id": "/subscriptions/c103e0b7-895a-4bfd-90fa-166d56191647/resourceGroups/RG_Proyecto/providers/Microsoft.Devices/IotHubs/jeariothub1/Routes/ToDefault",
            "iothub_name": "jeariothub1",
            "name": "ToDefault",
            "resource_group_name": "RG_Proyecto",
            "source": "DeviceMessages",
            "timeouts": null
          },
          "sensitive_attributes": [],
          "private": "eyJlMmJmYjczMC1lY2FhLTExZTYtOGY4OC0zNDM2M2JjN2M0YzAiOnsiY3JlYXRlIjoxODAwMDAwMDAwMDAwLCJkZWxldGUiOjE4MDAwMDAwMDAwMDAsInJlYWQiOjMwMDAwMDAwMDAwMCwidXBkYXRlIjoxODAwMDAwMDAwMDAwfX0=",
          "dependencies": [
            "module.iot_hub.azurerm_iothub.iothub",
            "module.rg.azurerm_resource_group.rg",
            "module.stg_acc.azurerm_storage_account.stg_account",
            "module.stg_acc.azurerm_storage_container.container1"
          ]
        }
      ]
    },
    {
      "module": "module.kv",
      "mode": "data",
      "type": "azurerm_client_config",
      "name": "current",
      "provider": "provider[\"registry.terraform.io/hashicorp/azurerm\"]",
      "instances": [
        {
          "schema_version": 0,
          "attributes": {
            "client_id": "04b07795-8ddb-461a-bbee-02f9e1bf7b46",
            "id": "2022-09-22 17:19:21.6426149 +0000 UTC",
            "object_id": "419e928c-05b9-448f-a856-31fb352a0d97",
            "subscription_id": "c103e0b7-895a-4bfd-90fa-166d56191647",
            "tenant_id": "a68d78ff-0705-4ce1-a248-9f0433112f20",
            "timeouts": null
          },
          "sensitive_attributes": []
        }
      ]
    },
    {
      "module": "module.kv",
      "mode": "managed",
      "type": "azurerm_key_vault",
      "name": "kv",
      "provider": "provider[\"registry.terraform.io/hashicorp/azurerm\"]",
      "instances": [
        {
          "schema_version": 2,
          "attributes": {
            "access_policy": [
              {
                "application_id": "",
                "certificate_permissions": [
                  "Get",
                  "List",
                  "Backup",
                  "Delete",
                  "Purge",
                  "Recover",
                  "Restore"
                ],
                "key_permissions": [
                  "Get",
                  "Backup",
                  "Create",
                  "Decrypt",
                  "Delete",
                  "Encrypt",
                  "Get",
                  "Import",
                  "List",
                  "Purge",
                  "Recover",
                  "Restore",
                  "Sign",
                  "UnwrapKey",
                  "Update",
                  "Verify",
                  "WrapKey"
                ],
                "object_id": "419e928c-05b9-448f-a856-31fb352a0d97",
                "secret_permissions": [
                  "Get",
                  "List",
                  "Set",
                  "Restore",
                  "Recover",
                  "Purge",
                  "Delete",
                  "Backup"
                ],
                "storage_permissions": [
                  "Get",
                  "Backup",
                  "Delete",
                  "DeleteSAS",
                  "GetSAS",
                  "List",
                  "ListSAS",
                  "Purge",
                  "Recover",
                  "RegenerateKey",
                  "Restore",
                  "SetSAS",
                  "Set",
                  "Update"
                ],
                "tenant_id": "a68d78ff-0705-4ce1-a248-9f0433112f20"
              }
            ],
            "contact": [],
            "enable_rbac_authorization": false,
            "enabled_for_deployment": false,
            "enabled_for_disk_encryption": false,
            "enabled_for_template_deployment": false,
            "id": "/subscriptions/c103e0b7-895a-4bfd-90fa-166d56191647/resourceGroups/RG_Proyecto/providers/Microsoft.KeyVault/vaults/kvjear930219asd1992wl",
            "location": "eastus",
            "name": "kvjear930219asd1992wl",
            "network_acls": [
              {
                "bypass": "AzureServices",
                "default_action": "Allow",
                "ip_rules": [],
                "virtual_network_subnet_ids": []
              }
            ],
            "purge_protection_enabled": false,
            "resource_group_name": "RG_Proyecto",
            "sku_name": "standard",
            "soft_delete_retention_days": 7,
            "tags": null,
            "tenant_id": "a68d78ff-0705-4ce1-a248-9f0433112f20",
            "timeouts": null,
            "vault_uri": "https://kvjear930219asd1992wl.vault.azure.net/"
          },
          "sensitive_attributes": [],
          "private": "eyJlMmJmYjczMC1lY2FhLTExZTYtOGY4OC0zNDM2M2JjN2M0YzAiOnsiY3JlYXRlIjoxODAwMDAwMDAwMDAwLCJkZWxldGUiOjE4MDAwMDAwMDAwMDAsInJlYWQiOjMwMDAwMDAwMDAwMCwidXBkYXRlIjoxODAwMDAwMDAwMDAwfSwic2NoZW1hX3ZlcnNpb24iOiIyIn0=",
          "dependencies": [
            "module.kv.data.azurerm_client_config.current",
            "module.rg.azurerm_resource_group.rg"
          ]
        }
      ]
    },
    {
      "module": "module.kv",
      "mode": "managed",
      "type": "azurerm_key_vault_access_policy",
      "name": "accpol_adf",
      "provider": "provider[\"registry.terraform.io/hashicorp/azurerm\"]",
      "instances": [
        {
          "schema_version": 0,
          "attributes": {
            "application_id": null,
            "certificate_permissions": null,
            "id": "/subscriptions/c103e0b7-895a-4bfd-90fa-166d56191647/resourceGroups/RG_Proyecto/providers/Microsoft.KeyVault/vaults/kvjear930219asd1992wl/objectId/859ea8d0-a2f3-499a-afcb-095c4541c0e1",
            "key_permissions": [
              "Get",
              "Backup",
              "Create",
              "Decrypt",
              "Delete",
              "Encrypt",
              "Get",
              "Import",
              "List",
              "Purge",
              "Recover",
              "Restore",
              "Sign",
              "UnwrapKey",
              "Update",
              "Verify",
              "WrapKey"
            ],
            "key_vault_id": "/subscriptions/c103e0b7-895a-4bfd-90fa-166d56191647/resourceGroups/RG_Proyecto/providers/Microsoft.KeyVault/vaults/kvjear930219asd1992wl",
            "object_id": "859ea8d0-a2f3-499a-afcb-095c4541c0e1",
            "secret_permissions": [
              "Get",
              "List",
              "Set",
              "Restore",
              "Recover",
              "Purge",
              "Delete",
              "Backup"
            ],
            "storage_permissions": null,
            "tenant_id": "a68d78ff-0705-4ce1-a248-9f0433112f20",
            "timeouts": null
          },
          "sensitive_attributes": [],
          "private": "eyJlMmJmYjczMC1lY2FhLTExZTYtOGY4OC0zNDM2M2JjN2M0YzAiOnsiY3JlYXRlIjoxODAwMDAwMDAwMDAwLCJkZWxldGUiOjE4MDAwMDAwMDAwMDAsInJlYWQiOjMwMDAwMDAwMDAwMCwidXBkYXRlIjoxODAwMDAwMDAwMDAwfX0=",
          "dependencies": [
            "module.kv.azurerm_key_vault.kv",
            "module.kv.data.azurerm_client_config.current",
            "module.rg.azurerm_resource_group.rg",
            "module.synapse.azurerm_storage_account.stg",
            "module.synapse.azurerm_storage_data_lake_gen2_filesystem.dtlkg2",
            "module.synapse.azurerm_synapse_workspace.synapse",
            "module.synapse.data.azurerm_client_config.current"
          ]
        }
      ]
    },
    {
      "module": "module.kv",
      "mode": "managed",
      "type": "azurerm_key_vault_access_policy",
      "name": "ap_adf",
      "provider": "provider[\"registry.terraform.io/hashicorp/azurerm\"]",
      "instances": [
        {
          "schema_version": 0,
          "attributes": {
            "application_id": null,
            "certificate_permissions": null,
            "id": "/subscriptions/c103e0b7-895a-4bfd-90fa-166d56191647/resourceGroups/RG_Proyecto/providers/Microsoft.KeyVault/vaults/kvjear930219asd1992wl/objectId/5dcd14de-b8a9-4b2d-81e2-625018f37d98",
            "key_permissions": [
              "Get",
              "Backup",
              "Create",
              "Decrypt",
              "Delete",
              "Encrypt",
              "Get",
              "Import",
              "List",
              "Purge",
              "Recover",
              "Restore",
              "Sign",
              "UnwrapKey",
              "Update",
              "Verify",
              "WrapKey"
            ],
            "key_vault_id": "/subscriptions/c103e0b7-895a-4bfd-90fa-166d56191647/resourceGroups/RG_Proyecto/providers/Microsoft.KeyVault/vaults/kvjear930219asd1992wl",
            "object_id": "5dcd14de-b8a9-4b2d-81e2-625018f37d98",
            "secret_permissions": [
              "Get",
              "List",
              "Set",
              "Restore",
              "Recover",
              "Purge",
              "Delete",
              "Backup"
            ],
            "storage_permissions": null,
            "tenant_id": "a68d78ff-0705-4ce1-a248-9f0433112f20",
            "timeouts": null
          },
          "sensitive_attributes": [],
          "private": "eyJlMmJmYjczMC1lY2FhLTExZTYtOGY4OC0zNDM2M2JjN2M0YzAiOnsiY3JlYXRlIjoxODAwMDAwMDAwMDAwLCJkZWxldGUiOjE4MDAwMDAwMDAwMDAsInJlYWQiOjMwMDAwMDAwMDAwMCwidXBkYXRlIjoxODAwMDAwMDAwMDAwfX0=",
          "dependencies": [
            "module.adf.azurerm_data_factory.adf",
            "module.kv.azurerm_key_vault.kv",
            "module.kv.data.azurerm_client_config.current",
            "module.rg.azurerm_resource_group.rg"
          ]
        }
      ]
    },
    {
      "module": "module.kv",
      "mode": "managed",
      "type": "azurerm_key_vault_secret",
      "name": "secret1",
      "provider": "provider[\"registry.terraform.io/hashicorp/azurerm\"]",
      "instances": [
        {
          "schema_version": 0,
          "attributes": {
            "content_type": "",
            "expiration_date": null,
            "id": "https://kvjear930219asd1992wl.vault.azure.net/secrets/primary-access-key/4e328d71dbb743bf880b9ae4c953c3f5",
            "key_vault_id": "/subscriptions/c103e0b7-895a-4bfd-90fa-166d56191647/resourceGroups/RG_Proyecto/providers/Microsoft.KeyVault/vaults/kvjear930219asd1992wl",
            "name": "primary-access-key",
            "not_before_date": null,
            "resource_id": "/subscriptions/c103e0b7-895a-4bfd-90fa-166d56191647/resourceGroups/RG_Proyecto/providers/Microsoft.KeyVault/vaults/kvjear930219asd1992wl/secrets/primary-access-key/versions/4e328d71dbb743bf880b9ae4c953c3f5",
            "resource_versionless_id": "/subscriptions/c103e0b7-895a-4bfd-90fa-166d56191647/resourceGroups/RG_Proyecto/providers/Microsoft.KeyVault/vaults/kvjear930219asd1992wl/secrets/primary-access-key",
            "tags": null,
            "timeouts": null,
            "value": "I6vr9iG3svO7WPFy119M7maSWq2eiwRxStGB9RKwNdTIlLCs4JRnVDl9jWyDb2zxx8ORcaiMYwdx+AStdtNbHA==",
            "version": "4e328d71dbb743bf880b9ae4c953c3f5",
            "versionless_id": "https://kvjear930219asd1992wl.vault.azure.net/secrets/primary-access-key"
          },
          "sensitive_attributes": [
            [
              {
                "type": "get_attr",
                "value": "value"
              }
            ]
          ],
          "private": "eyJlMmJmYjczMC1lY2FhLTExZTYtOGY4OC0zNDM2M2JjN2M0YzAiOnsiY3JlYXRlIjoxODAwMDAwMDAwMDAwLCJkZWxldGUiOjE4MDAwMDAwMDAwMDAsInJlYWQiOjMwMDAwMDAwMDAwMCwidXBkYXRlIjoxODAwMDAwMDAwMDAwfX0=",
          "dependencies": [
            "module.kv.azurerm_key_vault.kv",
            "module.kv.data.azurerm_client_config.current",
            "module.rg.azurerm_resource_group.rg",
            "module.stg_acc.azurerm_storage_account.stg_account"
          ]
        }
      ]
    },
    {
      "module": "module.kv",
      "mode": "managed",
      "type": "azurerm_key_vault_secret",
      "name": "secret2",
      "provider": "provider[\"registry.terraform.io/hashicorp/azurerm\"]",
      "instances": [
        {
          "schema_version": 0,
          "attributes": {
            "content_type": "",
            "expiration_date": null,
            "id": "https://kvjear930219asd1992wl.vault.azure.net/secrets/primary-dfs-endpoint/749ecc92572f481a959c373a876b7a34",
            "key_vault_id": "/subscriptions/c103e0b7-895a-4bfd-90fa-166d56191647/resourceGroups/RG_Proyecto/providers/Microsoft.KeyVault/vaults/kvjear930219asd1992wl",
            "name": "primary-dfs-endpoint",
            "not_before_date": null,
            "resource_id": "/subscriptions/c103e0b7-895a-4bfd-90fa-166d56191647/resourceGroups/RG_Proyecto/providers/Microsoft.KeyVault/vaults/kvjear930219asd1992wl/secrets/primary-dfs-endpoint/versions/749ecc92572f481a959c373a876b7a34",
            "resource_versionless_id": "/subscriptions/c103e0b7-895a-4bfd-90fa-166d56191647/resourceGroups/RG_Proyecto/providers/Microsoft.KeyVault/vaults/kvjear930219asd1992wl/secrets/primary-dfs-endpoint",
            "tags": null,
            "timeouts": null,
            "value": "https://stgdtlkg2iotjean93.dfs.core.windows.net/",
            "version": "749ecc92572f481a959c373a876b7a34",
            "versionless_id": "https://kvjear930219asd1992wl.vault.azure.net/secrets/primary-dfs-endpoint"
          },
          "sensitive_attributes": [],
          "private": "eyJlMmJmYjczMC1lY2FhLTExZTYtOGY4OC0zNDM2M2JjN2M0YzAiOnsiY3JlYXRlIjoxODAwMDAwMDAwMDAwLCJkZWxldGUiOjE4MDAwMDAwMDAwMDAsInJlYWQiOjMwMDAwMDAwMDAwMCwidXBkYXRlIjoxODAwMDAwMDAwMDAwfX0=",
          "dependencies": [
            "module.kv.azurerm_key_vault.kv",
            "module.kv.data.azurerm_client_config.current",
            "module.rg.azurerm_resource_group.rg",
            "module.stg_acc.azurerm_storage_account.stg_account"
          ]
        }
      ]
    },
    {
      "module": "module.rg",
      "mode": "managed",
      "type": "azurerm_resource_group",
      "name": "rg",
      "provider": "provider[\"registry.terraform.io/hashicorp/azurerm\"]",
      "instances": [
        {
          "schema_version": 0,
          "attributes": {
            "id": "/subscriptions/c103e0b7-895a-4bfd-90fa-166d56191647/resourceGroups/RG_Proyecto",
            "location": "eastus",
            "name": "RG_Proyecto",
            "tags": null,
            "timeouts": null
          },
          "sensitive_attributes": [],
          "private": "eyJlMmJmYjczMC1lY2FhLTExZTYtOGY4OC0zNDM2M2JjN2M0YzAiOnsiY3JlYXRlIjo1NDAwMDAwMDAwMDAwLCJkZWxldGUiOjU0MDAwMDAwMDAwMDAsInJlYWQiOjMwMDAwMDAwMDAwMCwidXBkYXRlIjo1NDAwMDAwMDAwMDAwfX0="
        }
      ]
    },
    {
      "module": "module.stg_acc",
      "mode": "managed",
      "type": "azurerm_storage_account",
      "name": "stg_account",
      "provider": "provider[\"registry.terraform.io/hashicorp/azurerm\"]",
      "instances": [
        {
          "schema_version": 3,
          "attributes": {
            "access_tier": "Hot",
            "account_kind": "StorageV2",
            "account_replication_type": "LRS",
            "account_tier": "Standard",
            "allow_nested_items_to_be_public": true,
            "azure_files_authentication": [],
            "blob_properties": [
              {
                "change_feed_enabled": false,
                "change_feed_retention_in_days": 0,
                "container_delete_retention_policy": [],
                "cors_rule": [],
                "default_service_version": "",
                "delete_retention_policy": [],
                "last_access_time_enabled": false,
                "versioning_enabled": false
              }
            ],
            "cross_tenant_replication_enabled": true,
            "custom_domain": [],
            "customer_managed_key": [],
            "edge_zone": "",
            "enable_https_traffic_only": true,
            "id": "/subscriptions/c103e0b7-895a-4bfd-90fa-166d56191647/resourceGroups/RG_Proyecto/providers/Microsoft.Storage/storageAccounts/stgdtlkg2iotjean93",
            "identity": [],
            "infrastructure_encryption_enabled": false,
            "is_hns_enabled": true,
            "large_file_share_enabled": null,
            "location": "eastus",
            "min_tls_version": "TLS1_2",
            "name": "stgdtlkg2iotjean93",
            "network_rules": [
              {
                "bypass": [
                  "AzureServices"
                ],
                "default_action": "Allow",
                "ip_rules": [],
                "private_link_access": [],
                "virtual_network_subnet_ids": []
              }
            ],
            "nfsv3_enabled": false,
            "primary_access_key": "I6vr9iG3svO7WPFy119M7maSWq2eiwRxStGB9RKwNdTIlLCs4JRnVDl9jWyDb2zxx8ORcaiMYwdx+AStdtNbHA==",
            "primary_blob_connection_string": "DefaultEndpointsProtocol=https;BlobEndpoint=https://stgdtlkg2iotjean93.blob.core.windows.net/;AccountName=stgdtlkg2iotjean93;AccountKey=I6vr9iG3svO7WPFy119M7maSWq2eiwRxStGB9RKwNdTIlLCs4JRnVDl9jWyDb2zxx8ORcaiMYwdx+AStdtNbHA==",
            "primary_blob_endpoint": "https://stgdtlkg2iotjean93.blob.core.windows.net/",
            "primary_blob_host": "stgdtlkg2iotjean93.blob.core.windows.net",
            "primary_connection_string": "DefaultEndpointsProtocol=https;AccountName=stgdtlkg2iotjean93;AccountKey=I6vr9iG3svO7WPFy119M7maSWq2eiwRxStGB9RKwNdTIlLCs4JRnVDl9jWyDb2zxx8ORcaiMYwdx+AStdtNbHA==;EndpointSuffix=core.windows.net",
            "primary_dfs_endpoint": "https://stgdtlkg2iotjean93.dfs.core.windows.net/",
            "primary_dfs_host": "stgdtlkg2iotjean93.dfs.core.windows.net",
            "primary_file_endpoint": "https://stgdtlkg2iotjean93.file.core.windows.net/",
            "primary_file_host": "stgdtlkg2iotjean93.file.core.windows.net",
            "primary_location": "eastus",
            "primary_queue_endpoint": "https://stgdtlkg2iotjean93.queue.core.windows.net/",
            "primary_queue_host": "stgdtlkg2iotjean93.queue.core.windows.net",
            "primary_table_endpoint": "https://stgdtlkg2iotjean93.table.core.windows.net/",
            "primary_table_host": "stgdtlkg2iotjean93.table.core.windows.net",
            "primary_web_endpoint": "https://stgdtlkg2iotjean93.z13.web.core.windows.net/",
            "primary_web_host": "stgdtlkg2iotjean93.z13.web.core.windows.net",
            "queue_encryption_key_type": "Service",
            "queue_properties": [
              {
                "cors_rule": [],
                "hour_metrics": [
                  {
                    "enabled": true,
                    "include_apis": true,
                    "retention_policy_days": 7,
                    "version": "1.0"
                  }
                ],
                "logging": [
                  {
                    "delete": false,
                    "read": false,
                    "retention_policy_days": 0,
                    "version": "1.0",
                    "write": false
                  }
                ],
                "minute_metrics": [
                  {
                    "enabled": false,
                    "include_apis": false,
                    "retention_policy_days": 0,
                    "version": "1.0"
                  }
                ]
              }
            ],
            "resource_group_name": "RG_Proyecto",
            "routing": [],
            "secondary_access_key": "XWgSWqEgS/0aAufa1eXGZmM8xX0iX2w0dFH5e4WJ2MKKduUOO1ldaH/BvFon8otrrAYmqW0uO3Md+AStP1NqCQ==",
            "secondary_blob_connection_string": "",
            "secondary_blob_endpoint": null,
            "secondary_blob_host": null,
            "secondary_connection_string": "DefaultEndpointsProtocol=https;AccountName=stgdtlkg2iotjean93;AccountKey=XWgSWqEgS/0aAufa1eXGZmM8xX0iX2w0dFH5e4WJ2MKKduUOO1ldaH/BvFon8otrrAYmqW0uO3Md+AStP1NqCQ==;EndpointSuffix=core.windows.net",
            "secondary_dfs_endpoint": null,
            "secondary_dfs_host": null,
            "secondary_file_endpoint": null,
            "secondary_file_host": null,
            "secondary_location": "",
            "secondary_queue_endpoint": null,
            "secondary_queue_host": null,
            "secondary_table_endpoint": null,
            "secondary_table_host": null,
            "secondary_web_endpoint": null,
            "secondary_web_host": null,
            "share_properties": [
              {
                "cors_rule": [],
                "retention_policy": [
                  {
                    "days": 7
                  }
                ],
                "smb": []
              }
            ],
            "shared_access_key_enabled": true,
            "static_website": [],
            "table_encryption_key_type": "Service",
            "tags": null,
            "timeouts": null
          },
          "sensitive_attributes": [],
          "private": "eyJlMmJmYjczMC1lY2FhLTExZTYtOGY4OC0zNDM2M2JjN2M0YzAiOnsiY3JlYXRlIjozNjAwMDAwMDAwMDAwLCJkZWxldGUiOjM2MDAwMDAwMDAwMDAsInJlYWQiOjMwMDAwMDAwMDAwMCwidXBkYXRlIjozNjAwMDAwMDAwMDAwfSwic2NoZW1hX3ZlcnNpb24iOiIzIn0=",
          "dependencies": [
            "module.rg.azurerm_resource_group.rg"
          ]
        }
      ]
    },
    {
      "module": "module.stg_acc",
      "mode": "managed",
      "type": "azurerm_storage_container",
      "name": "container1",
      "provider": "provider[\"registry.terraform.io/hashicorp/azurerm\"]",
      "instances": [
        {
          "schema_version": 1,
          "attributes": {
            "container_access_type": "private",
            "has_immutability_policy": false,
            "has_legal_hold": false,
            "id": "https://stgdtlkg2iotjean93.blob.core.windows.net/landing",
            "metadata": {},
            "name": "landing",
            "resource_manager_id": "/subscriptions/c103e0b7-895a-4bfd-90fa-166d56191647/resourceGroups/RG_Proyecto/providers/Microsoft.Storage/storageAccounts/stgdtlkg2iotjean93/blobServices/default/containers/landing",
            "storage_account_name": "stgdtlkg2iotjean93",
            "timeouts": null
          },
          "sensitive_attributes": [],
          "private": "eyJlMmJmYjczMC1lY2FhLTExZTYtOGY4OC0zNDM2M2JjN2M0YzAiOnsiY3JlYXRlIjoxODAwMDAwMDAwMDAwLCJkZWxldGUiOjE4MDAwMDAwMDAwMDAsInJlYWQiOjMwMDAwMDAwMDAwMCwidXBkYXRlIjoxODAwMDAwMDAwMDAwfSwic2NoZW1hX3ZlcnNpb24iOiIxIn0=",
          "dependencies": [
            "module.rg.azurerm_resource_group.rg",
            "module.stg_acc.azurerm_storage_account.stg_account"
          ]
        }
      ]
    },
    {
      "module": "module.stg_acc",
      "mode": "managed",
      "type": "azurerm_storage_container",
      "name": "container2",
      "provider": "provider[\"registry.terraform.io/hashicorp/azurerm\"]",
      "instances": [
        {
          "schema_version": 1,
          "attributes": {
            "container_access_type": "private",
            "has_immutability_policy": false,
            "has_legal_hold": false,
            "id": "https://stgdtlkg2iotjean93.blob.core.windows.net/staging",
            "metadata": {},
            "name": "staging",
            "resource_manager_id": "/subscriptions/c103e0b7-895a-4bfd-90fa-166d56191647/resourceGroups/RG_Proyecto/providers/Microsoft.Storage/storageAccounts/stgdtlkg2iotjean93/blobServices/default/containers/staging",
            "storage_account_name": "stgdtlkg2iotjean93",
            "timeouts": null
          },
          "sensitive_attributes": [],
          "private": "eyJlMmJmYjczMC1lY2FhLTExZTYtOGY4OC0zNDM2M2JjN2M0YzAiOnsiY3JlYXRlIjoxODAwMDAwMDAwMDAwLCJkZWxldGUiOjE4MDAwMDAwMDAwMDAsInJlYWQiOjMwMDAwMDAwMDAwMCwidXBkYXRlIjoxODAwMDAwMDAwMDAwfSwic2NoZW1hX3ZlcnNpb24iOiIxIn0=",
          "dependencies": [
            "module.rg.azurerm_resource_group.rg",
            "module.stg_acc.azurerm_storage_account.stg_account"
          ]
        }
      ]
    },
    {
      "module": "module.synapse",
      "mode": "data",
      "type": "azurerm_client_config",
      "name": "current",
      "provider": "provider[\"registry.terraform.io/hashicorp/azurerm\"]",
      "instances": [
        {
          "schema_version": 0,
          "attributes": {
            "client_id": "04b07795-8ddb-461a-bbee-02f9e1bf7b46",
            "id": "2022-09-22 17:19:21.6420912 +0000 UTC",
            "object_id": "419e928c-05b9-448f-a856-31fb352a0d97",
            "subscription_id": "c103e0b7-895a-4bfd-90fa-166d56191647",
            "tenant_id": "a68d78ff-0705-4ce1-a248-9f0433112f20",
            "timeouts": null
          },
          "sensitive_attributes": []
        }
      ]
    },
    {
      "module": "module.synapse",
      "mode": "managed",
      "type": "azurerm_storage_account",
      "name": "stg",
      "provider": "provider[\"registry.terraform.io/hashicorp/azurerm\"]",
      "instances": [
        {
          "schema_version": 3,
          "attributes": {
            "access_tier": "Hot",
            "account_kind": "BlobStorage",
            "account_replication_type": "LRS",
            "account_tier": "Standard",
            "allow_nested_items_to_be_public": true,
            "azure_files_authentication": [],
            "blob_properties": [
              {
                "change_feed_enabled": false,
                "change_feed_retention_in_days": 0,
                "container_delete_retention_policy": [],
                "cors_rule": [],
                "default_service_version": "",
                "delete_retention_policy": [],
                "last_access_time_enabled": false,
                "versioning_enabled": false
              }
            ],
            "cross_tenant_replication_enabled": true,
            "custom_domain": [],
            "customer_managed_key": [],
            "edge_zone": "",
            "enable_https_traffic_only": true,
            "id": "/subscriptions/c103e0b7-895a-4bfd-90fa-166d56191647/resourceGroups/RG_Proyecto/providers/Microsoft.Storage/storageAccounts/snpsestgjean93",
            "identity": [],
            "infrastructure_encryption_enabled": false,
            "is_hns_enabled": false,
            "large_file_share_enabled": null,
            "location": "eastus",
            "min_tls_version": "TLS1_2",
            "name": "snpsestgjean93",
            "network_rules": [
              {
                "bypass": [
                  "AzureServices"
                ],
                "default_action": "Allow",
                "ip_rules": [],
                "private_link_access": [],
                "virtual_network_subnet_ids": []
              }
            ],
            "nfsv3_enabled": false,
            "primary_access_key": "XTFX6jMYwg1BGRTzf43X8zVrP3LXeA8NZ8NtjMb9WlTeARXs4uoqlLyliSJn0Sdu0GqA6xaduDTm+ASto5gG6g==",
            "primary_blob_connection_string": "DefaultEndpointsProtocol=https;BlobEndpoint=https://snpsestgjean93.blob.core.windows.net/;AccountName=snpsestgjean93;AccountKey=XTFX6jMYwg1BGRTzf43X8zVrP3LXeA8NZ8NtjMb9WlTeARXs4uoqlLyliSJn0Sdu0GqA6xaduDTm+ASto5gG6g==",
            "primary_blob_endpoint": "https://snpsestgjean93.blob.core.windows.net/",
            "primary_blob_host": "snpsestgjean93.blob.core.windows.net",
            "primary_connection_string": "DefaultEndpointsProtocol=https;AccountName=snpsestgjean93;AccountKey=XTFX6jMYwg1BGRTzf43X8zVrP3LXeA8NZ8NtjMb9WlTeARXs4uoqlLyliSJn0Sdu0GqA6xaduDTm+ASto5gG6g==;EndpointSuffix=core.windows.net",
            "primary_dfs_endpoint": "https://snpsestgjean93.dfs.core.windows.net/",
            "primary_dfs_host": "snpsestgjean93.dfs.core.windows.net",
            "primary_file_endpoint": "",
            "primary_file_host": "",
            "primary_location": "eastus",
            "primary_queue_endpoint": "",
            "primary_queue_host": "",
            "primary_table_endpoint": "https://snpsestgjean93.table.core.windows.net/",
            "primary_table_host": "snpsestgjean93.table.core.windows.net",
            "primary_web_endpoint": "",
            "primary_web_host": "",
            "queue_encryption_key_type": "Service",
            "queue_properties": null,
            "resource_group_name": "RG_Proyecto",
            "routing": [],
            "secondary_access_key": "06CCM95rGyH+U7lsv48DPnsQ8JuNy+kBkmADR+a0NqI92lBx2DXazswY6brS9YRR26k8Om4+GT8o+AStvWFpmw==",
            "secondary_blob_connection_string": "",
            "secondary_blob_endpoint": null,
            "secondary_blob_host": null,
            "secondary_connection_string": "DefaultEndpointsProtocol=https;AccountName=snpsestgjean93;AccountKey=06CCM95rGyH+U7lsv48DPnsQ8JuNy+kBkmADR+a0NqI92lBx2DXazswY6brS9YRR26k8Om4+GT8o+AStvWFpmw==;EndpointSuffix=core.windows.net",
            "secondary_dfs_endpoint": null,
            "secondary_dfs_host": null,
            "secondary_file_endpoint": null,
            "secondary_file_host": null,
            "secondary_location": "",
            "secondary_queue_endpoint": null,
            "secondary_queue_host": null,
            "secondary_table_endpoint": null,
            "secondary_table_host": null,
            "secondary_web_endpoint": null,
            "secondary_web_host": null,
            "share_properties": null,
            "shared_access_key_enabled": true,
            "static_website": [],
            "table_encryption_key_type": "Service",
            "tags": null,
            "timeouts": null
          },
          "sensitive_attributes": [],
          "private": "eyJlMmJmYjczMC1lY2FhLTExZTYtOGY4OC0zNDM2M2JjN2M0YzAiOnsiY3JlYXRlIjozNjAwMDAwMDAwMDAwLCJkZWxldGUiOjM2MDAwMDAwMDAwMDAsInJlYWQiOjMwMDAwMDAwMDAwMCwidXBkYXRlIjozNjAwMDAwMDAwMDAwfSwic2NoZW1hX3ZlcnNpb24iOiIzIn0=",
          "dependencies": [
            "module.rg.azurerm_resource_group.rg"
          ]
        }
      ]
    },
    {
      "module": "module.synapse",
      "mode": "managed",
      "type": "azurerm_storage_data_lake_gen2_filesystem",
      "name": "dtlkg2",
      "provider": "provider[\"registry.terraform.io/hashicorp/azurerm\"]",
      "instances": [
        {
          "schema_version": 0,
          "attributes": {
            "ace": [],
            "group": "",
            "id": "https://snpsestgjean93.dfs.core.windows.net/snpsestgdljean93",
            "name": "snpsestgdljean93",
            "owner": "",
            "properties": null,
            "storage_account_id": "/subscriptions/c103e0b7-895a-4bfd-90fa-166d56191647/resourceGroups/RG_Proyecto/providers/Microsoft.Storage/storageAccounts/snpsestgjean93",
            "timeouts": null
          },
          "sensitive_attributes": [],
          "private": "eyJlMmJmYjczMC1lY2FhLTExZTYtOGY4OC0zNDM2M2JjN2M0YzAiOnsiY3JlYXRlIjoxODAwMDAwMDAwMDAwLCJkZWxldGUiOjE4MDAwMDAwMDAwMDAsInJlYWQiOjMwMDAwMDAwMDAwMCwidXBkYXRlIjoxODAwMDAwMDAwMDAwfX0=",
          "dependencies": [
            "module.rg.azurerm_resource_group.rg",
            "module.synapse.azurerm_storage_account.stg"
          ]
        }
      ]
    },
    {
      "module": "module.synapse",
      "mode": "managed",
      "type": "azurerm_synapse_firewall_rule",
      "name": "snpse-fwr_azs",
      "provider": "provider[\"registry.terraform.io/hashicorp/azurerm\"]",
      "instances": [
        {
          "schema_version": 0,
          "attributes": {
            "end_ip_address": "0.0.0.0",
            "id": "/subscriptions/c103e0b7-895a-4bfd-90fa-166d56191647/resourceGroups/RG_Proyecto/providers/Microsoft.Synapse/workspaces/synapsejean93/firewallRules/AllowAllWindowsAzureIps",
            "name": "AllowAllWindowsAzureIps",
            "start_ip_address": "0.0.0.0",
            "synapse_workspace_id": "/subscriptions/c103e0b7-895a-4bfd-90fa-166d56191647/resourceGroups/RG_Proyecto/providers/Microsoft.Synapse/workspaces/synapsejean93",
            "timeouts": null
          },
          "sensitive_attributes": [],
          "private": "eyJlMmJmYjczMC1lY2FhLTExZTYtOGY4OC0zNDM2M2JjN2M0YzAiOnsiY3JlYXRlIjoxODAwMDAwMDAwMDAwLCJkZWxldGUiOjE4MDAwMDAwMDAwMDAsInJlYWQiOjMwMDAwMDAwMDAwMCwidXBkYXRlIjoxODAwMDAwMDAwMDAwfX0=",
          "dependencies": [
            "module.rg.azurerm_resource_group.rg",
            "module.synapse.azurerm_storage_account.stg",
            "module.synapse.azurerm_storage_data_lake_gen2_filesystem.dtlkg2",
            "module.synapse.azurerm_synapse_workspace.synapse",
            "module.synapse.data.azurerm_client_config.current"
          ]
        }
      ]
    },
    {
      "module": "module.synapse",
      "mode": "managed",
      "type": "azurerm_synapse_firewall_rule",
      "name": "snpse-fwr_external",
      "provider": "provider[\"registry.terraform.io/hashicorp/azurerm\"]",
      "instances": [
        {
          "schema_version": 0,
          "attributes": {
            "end_ip_address": "255.255.255.255",
            "id": "/subscriptions/c103e0b7-895a-4bfd-90fa-166d56191647/resourceGroups/RG_Proyecto/providers/Microsoft.Synapse/workspaces/synapsejean93/firewallRules/AllowAll",
            "name": "AllowAll",
            "start_ip_address": "0.0.0.0",
            "synapse_workspace_id": "/subscriptions/c103e0b7-895a-4bfd-90fa-166d56191647/resourceGroups/RG_Proyecto/providers/Microsoft.Synapse/workspaces/synapsejean93",
            "timeouts": null
          },
          "sensitive_attributes": [],
          "private": "eyJlMmJmYjczMC1lY2FhLTExZTYtOGY4OC0zNDM2M2JjN2M0YzAiOnsiY3JlYXRlIjoxODAwMDAwMDAwMDAwLCJkZWxldGUiOjE4MDAwMDAwMDAwMDAsInJlYWQiOjMwMDAwMDAwMDAwMCwidXBkYXRlIjoxODAwMDAwMDAwMDAwfX0=",
          "dependencies": [
            "module.rg.azurerm_resource_group.rg",
            "module.synapse.azurerm_storage_account.stg",
            "module.synapse.azurerm_storage_data_lake_gen2_filesystem.dtlkg2",
            "module.synapse.azurerm_synapse_workspace.synapse",
            "module.synapse.data.azurerm_client_config.current"
          ]
        }
      ]
    },
    {
      "module": "module.synapse",
      "mode": "managed",
      "type": "azurerm_synapse_sql_pool",
      "name": "dwh",
      "provider": "provider[\"registry.terraform.io/hashicorp/azurerm\"]",
      "instances": [
        {
          "schema_version": 0,
          "attributes": {
            "collation": "SQL_Latin1_General_CP1_CI_AS",
            "create_mode": "Default",
            "data_encrypted": false,
            "id": "/subscriptions/c103e0b7-895a-4bfd-90fa-166d56191647/resourceGroups/RG_Proyecto/providers/Microsoft.Synapse/workspaces/synapsejean93/sqlPools/sqlpoolthesjean93",
            "name": "sqlpoolthesjean93",
            "recovery_database_id": null,
            "restore": [],
            "sku_name": "DW100c",
            "synapse_workspace_id": "/subscriptions/c103e0b7-895a-4bfd-90fa-166d56191647/resourceGroups/RG_Proyecto/providers/Microsoft.Synapse/workspaces/synapsejean93",
            "tags": null,
            "timeouts": null
          },
          "sensitive_attributes": [],
          "private": "eyJlMmJmYjczMC1lY2FhLTExZTYtOGY4OC0zNDM2M2JjN2M0YzAiOnsiY3JlYXRlIjoxODAwMDAwMDAwMDAwLCJkZWxldGUiOjE4MDAwMDAwMDAwMDAsInJlYWQiOjMwMDAwMDAwMDAwMCwidXBkYXRlIjoxODAwMDAwMDAwMDAwfX0=",
          "dependencies": [
            "module.rg.azurerm_resource_group.rg",
            "module.synapse.azurerm_storage_account.stg",
            "module.synapse.azurerm_storage_data_lake_gen2_filesystem.dtlkg2",
            "module.synapse.azurerm_synapse_workspace.synapse",
            "module.synapse.data.azurerm_client_config.current"
          ]
        }
      ]
    },
    {
      "module": "module.synapse",
      "mode": "managed",
      "type": "azurerm_synapse_workspace",
      "name": "synapse",
      "provider": "provider[\"registry.terraform.io/hashicorp/azurerm\"]",
      "instances": [
        {
          "schema_version": 0,
          "attributes": {
            "aad_admin": [
              {
                "login": "AzureAD Admin",
                "object_id": "419e928c-05b9-448f-a856-31fb352a0d97",
                "tenant_id": "a68d78ff-0705-4ce1-a248-9f0433112f20"
              }
            ],
            "azure_devops_repo": [],
            "compute_subnet_id": null,
            "connectivity_endpoints": {
              "dev": "https://synapsejean93.dev.azuresynapse.net",
              "sql": "synapsejean93.sql.azuresynapse.net",
              "sqlOnDemand": "synapsejean93-ondemand.sql.azuresynapse.net",
              "web": "https://web.azuresynapse.net?workspace=%2fsubscriptions%2fc103e0b7-895a-4bfd-90fa-166d56191647%2fresourceGroups%2fRG_Proyecto%2fproviders%2fMicrosoft.Synapse%2fworkspaces%2fsynapsejean93"
            },
            "customer_managed_key": [],
            "data_exfiltration_protection_enabled": null,
            "github_repo": [
              {
                "account_name": "jeffangel",
                "branch_name": "principal",
                "git_url": "https://github.com",
                "last_commit_id": "",
                "repository_name": "Synapse",
                "root_folder": "/"
              }
            ],
            "id": "/subscriptions/c103e0b7-895a-4bfd-90fa-166d56191647/resourceGroups/RG_Proyecto/providers/Microsoft.Synapse/workspaces/synapsejean93",
            "identity": [
              {
                "principal_id": "859ea8d0-a2f3-499a-afcb-095c4541c0e1",
                "tenant_id": "a68d78ff-0705-4ce1-a248-9f0433112f20",
                "type": "SystemAssigned"
              }
            ],
            "linking_allowed_for_aad_tenant_ids": null,
            "location": "eastus",
            "managed_resource_group_name": "RG_Synapse_MNGD",
            "managed_virtual_network_enabled": false,
            "name": "synapsejean93",
            "public_network_access_enabled": true,
            "purview_id": null,
            "resource_group_name": "RG_Proyecto",
            "sql_aad_admin": [
              {
                "login": "AzureAD Admin",
                "object_id": "419e928c-05b9-448f-a856-31fb352a0d97",
                "tenant_id": "a68d78ff-0705-4ce1-a248-9f0433112f20"
              }
            ],
            "sql_administrator_login": "sqladmin",
            "sql_administrator_login_password": "B3lcorp2018$",
            "sql_identity_control_enabled": false,
            "storage_data_lake_gen2_filesystem_id": "https://snpsestgjean93.dfs.core.windows.net/snpsestgdljean93",
            "tags": null,
            "timeouts": null
          },
          "sensitive_attributes": [],
          "private": "eyJlMmJmYjczMC1lY2FhLTExZTYtOGY4OC0zNDM2M2JjN2M0YzAiOnsiY3JlYXRlIjoxODAwMDAwMDAwMDAwLCJkZWxldGUiOjE4MDAwMDAwMDAwMDAsInJlYWQiOjMwMDAwMDAwMDAwMCwidXBkYXRlIjoxODAwMDAwMDAwMDAwfX0=",
          "dependencies": [
            "module.rg.azurerm_resource_group.rg",
            "module.synapse.azurerm_storage_account.stg",
            "module.synapse.azurerm_storage_data_lake_gen2_filesystem.dtlkg2",
            "module.synapse.data.azurerm_client_config.current"
          ]
        }
      ]
    }
  ]
}
