{
  "version": 4,
  "terraform_version": "1.2.7",
  "serial": 125,
  "lineage": "e624e53e-4ca4-4b4f-a75b-4b762d1c35ee",
  "outputs": {},
  "resources": [
    {
      "module": "module.rg",
      "mode": "managed",
      "type": "azurerm_resource_group",
      "name": "rg",
      "provider": "provider[\"registry.terraform.io/hashicorp/azurerm\"]",
      "instances": [
        {
          "schema_version": 0,
          "attributes": {
            "id": "/subscriptions/c103e0b7-895a-4bfd-90fa-166d56191647/resourceGroups/RG_Proyecto",
            "location": "eastus",
            "name": "RG_Proyecto",
            "tags": null,
            "timeouts": null
          },
          "sensitive_attributes": [],
          "private": "eyJlMmJmYjczMC1lY2FhLTExZTYtOGY4OC0zNDM2M2JjN2M0YzAiOnsiY3JlYXRlIjo1NDAwMDAwMDAwMDAwLCJkZWxldGUiOjU0MDAwMDAwMDAwMDAsInJlYWQiOjMwMDAwMDAwMDAwMCwidXBkYXRlIjo1NDAwMDAwMDAwMDAwfX0="
        }
      ]
    },
    {
      "module": "module.synapse",
      "mode": "managed",
      "type": "azurerm_storage_account",
      "name": "stg",
      "provider": "provider[\"registry.terraform.io/hashicorp/azurerm\"]",
      "instances": [
        {
          "schema_version": 3,
          "attributes": {
            "access_tier": "Hot",
            "account_kind": "BlobStorage",
            "account_replication_type": "LRS",
            "account_tier": "Standard",
            "allow_nested_items_to_be_public": true,
            "azure_files_authentication": [],
            "blob_properties": [
              {
                "change_feed_enabled": false,
                "change_feed_retention_in_days": 0,
                "container_delete_retention_policy": [],
                "cors_rule": [],
                "default_service_version": "",
                "delete_retention_policy": [],
                "last_access_time_enabled": false,
                "versioning_enabled": false
              }
            ],
            "cross_tenant_replication_enabled": true,
            "custom_domain": [],
            "customer_managed_key": [],
            "edge_zone": "",
            "enable_https_traffic_only": true,
            "id": "/subscriptions/c103e0b7-895a-4bfd-90fa-166d56191647/resourceGroups/RG_Proyecto/providers/Microsoft.Storage/storageAccounts/snpsestgjean93",
            "identity": [],
            "infrastructure_encryption_enabled": false,
            "is_hns_enabled": false,
            "large_file_share_enabled": null,
            "location": "eastus",
            "min_tls_version": "TLS1_2",
            "name": "snpsestgjean93",
            "network_rules": [
              {
                "bypass": [
                  "AzureServices"
                ],
                "default_action": "Allow",
                "ip_rules": [],
                "private_link_access": [],
                "virtual_network_subnet_ids": []
              }
            ],
            "nfsv3_enabled": false,
            "primary_access_key": "TgDD0HuGiiSja0M45HG3NaEeAH8tgYioUwgeEHDt2v9RkNT2VbIKe0Q8IFnV6/m1vSkw25+57z8A+AStNPKsYw==",
            "primary_blob_connection_string": "DefaultEndpointsProtocol=https;BlobEndpoint=https://snpsestgjean93.blob.core.windows.net/;AccountName=snpsestgjean93;AccountKey=TgDD0HuGiiSja0M45HG3NaEeAH8tgYioUwgeEHDt2v9RkNT2VbIKe0Q8IFnV6/m1vSkw25+57z8A+AStNPKsYw==",
            "primary_blob_endpoint": "https://snpsestgjean93.blob.core.windows.net/",
            "primary_blob_host": "snpsestgjean93.blob.core.windows.net",
            "primary_connection_string": "DefaultEndpointsProtocol=https;AccountName=snpsestgjean93;AccountKey=TgDD0HuGiiSja0M45HG3NaEeAH8tgYioUwgeEHDt2v9RkNT2VbIKe0Q8IFnV6/m1vSkw25+57z8A+AStNPKsYw==;EndpointSuffix=core.windows.net",
            "primary_dfs_endpoint": "https://snpsestgjean93.dfs.core.windows.net/",
            "primary_dfs_host": "snpsestgjean93.dfs.core.windows.net",
            "primary_file_endpoint": "",
            "primary_file_host": "",
            "primary_location": "eastus",
            "primary_queue_endpoint": "",
            "primary_queue_host": "",
            "primary_table_endpoint": "https://snpsestgjean93.table.core.windows.net/",
            "primary_table_host": "snpsestgjean93.table.core.windows.net",
            "primary_web_endpoint": "",
            "primary_web_host": "",
            "queue_encryption_key_type": "Service",
            "queue_properties": null,
            "resource_group_name": "RG_Proyecto",
            "routing": [],
            "secondary_access_key": "7phd963hVDORxq6HJtcmb+1cvq6cJnqPKaG02+w/RxokapC3v19cBYWnH1OnvZhHd7teQGl60ObC+AStAiAuNw==",
            "secondary_blob_connection_string": "",
            "secondary_blob_endpoint": null,
            "secondary_blob_host": null,
            "secondary_connection_string": "DefaultEndpointsProtocol=https;AccountName=snpsestgjean93;AccountKey=7phd963hVDORxq6HJtcmb+1cvq6cJnqPKaG02+w/RxokapC3v19cBYWnH1OnvZhHd7teQGl60ObC+AStAiAuNw==;EndpointSuffix=core.windows.net",
            "secondary_dfs_endpoint": null,
            "secondary_dfs_host": null,
            "secondary_file_endpoint": null,
            "secondary_file_host": null,
            "secondary_location": "",
            "secondary_queue_endpoint": null,
            "secondary_queue_host": null,
            "secondary_table_endpoint": null,
            "secondary_table_host": null,
            "secondary_web_endpoint": null,
            "secondary_web_host": null,
            "share_properties": null,
            "shared_access_key_enabled": true,
            "static_website": [],
            "table_encryption_key_type": "Service",
            "tags": null,
            "timeouts": null
          },
          "sensitive_attributes": [],
          "private": "eyJlMmJmYjczMC1lY2FhLTExZTYtOGY4OC0zNDM2M2JjN2M0YzAiOnsiY3JlYXRlIjozNjAwMDAwMDAwMDAwLCJkZWxldGUiOjM2MDAwMDAwMDAwMDAsInJlYWQiOjMwMDAwMDAwMDAwMCwidXBkYXRlIjozNjAwMDAwMDAwMDAwfSwic2NoZW1hX3ZlcnNpb24iOiIzIn0=",
          "dependencies": [
            "module.rg.azurerm_resource_group.rg"
          ]
        }
      ]
    },
    {
      "module": "module.synapse",
      "mode": "managed",
      "type": "azurerm_storage_data_lake_gen2_filesystem",
      "name": "dtlkg2",
      "provider": "provider[\"registry.terraform.io/hashicorp/azurerm\"]",
      "instances": [
        {
          "schema_version": 0,
          "attributes": {
            "ace": [],
            "group": "",
            "id": "https://snpsestgjean93.dfs.core.windows.net/snpsestgdljean93",
            "name": "snpsestgdljean93",
            "owner": "",
            "properties": null,
            "storage_account_id": "/subscriptions/c103e0b7-895a-4bfd-90fa-166d56191647/resourceGroups/RG_Proyecto/providers/Microsoft.Storage/storageAccounts/snpsestgjean93",
            "timeouts": null
          },
          "sensitive_attributes": [],
          "private": "eyJlMmJmYjczMC1lY2FhLTExZTYtOGY4OC0zNDM2M2JjN2M0YzAiOnsiY3JlYXRlIjoxODAwMDAwMDAwMDAwLCJkZWxldGUiOjE4MDAwMDAwMDAwMDAsInJlYWQiOjMwMDAwMDAwMDAwMCwidXBkYXRlIjoxODAwMDAwMDAwMDAwfX0=",
          "dependencies": [
            "module.rg.azurerm_resource_group.rg",
            "module.synapse.azurerm_storage_account.stg"
          ]
        }
      ]
    },
    {
      "module": "module.synapse",
      "mode": "managed",
      "type": "azurerm_synapse_sql_pool",
      "name": "dwh",
      "provider": "provider[\"registry.terraform.io/hashicorp/azurerm\"]",
      "instances": [
        {
          "schema_version": 0,
          "attributes": {
            "collation": "SQL_Latin1_General_CP1_CI_AS",
            "create_mode": "Default",
            "data_encrypted": false,
            "id": "/subscriptions/c103e0b7-895a-4bfd-90fa-166d56191647/resourceGroups/RG_Proyecto/providers/Microsoft.Synapse/workspaces/synapsejean93/sqlPools/sqlpoolthesjean93",
            "name": "sqlpoolthesjean93",
            "recovery_database_id": null,
            "restore": [],
            "sku_name": "DW100c",
            "synapse_workspace_id": "/subscriptions/c103e0b7-895a-4bfd-90fa-166d56191647/resourceGroups/RG_Proyecto/providers/Microsoft.Synapse/workspaces/synapsejean93",
            "tags": null,
            "timeouts": null
          },
          "sensitive_attributes": [],
          "private": "eyJlMmJmYjczMC1lY2FhLTExZTYtOGY4OC0zNDM2M2JjN2M0YzAiOnsiY3JlYXRlIjoxODAwMDAwMDAwMDAwLCJkZWxldGUiOjE4MDAwMDAwMDAwMDAsInJlYWQiOjMwMDAwMDAwMDAwMCwidXBkYXRlIjoxODAwMDAwMDAwMDAwfX0=",
          "dependencies": [
            "module.rg.azurerm_resource_group.rg",
            "module.synapse.azurerm_storage_account.stg",
            "module.synapse.azurerm_storage_data_lake_gen2_filesystem.dtlkg2",
            "module.synapse.azurerm_synapse_workspace.synapse"
          ]
        }
      ]
    },
    {
      "module": "module.synapse",
      "mode": "managed",
      "type": "azurerm_synapse_workspace",
      "name": "synapse",
      "provider": "provider[\"registry.terraform.io/hashicorp/azurerm\"]",
      "instances": [
        {
          "schema_version": 0,
          "attributes": {
            "aad_admin": [
              {
                "login": "live.com#jear.93@outlook.com",
                "object_id": "419e928c-05b9-448f-a856-31fb352a0d97",
                "tenant_id": "a68d78ff-0705-4ce1-a248-9f0433112f20"
              }
            ],
            "azure_devops_repo": [],
            "compute_subnet_id": null,
            "connectivity_endpoints": {
              "dev": "https://synapsejean93.dev.azuresynapse.net",
              "sql": "synapsejean93.sql.azuresynapse.net",
              "sqlOnDemand": "synapsejean93-ondemand.sql.azuresynapse.net",
              "web": "https://web.azuresynapse.net?workspace=%2fsubscriptions%2fc103e0b7-895a-4bfd-90fa-166d56191647%2fresourceGroups%2fRG_Proyecto%2fproviders%2fMicrosoft.Synapse%2fworkspaces%2fsynapsejean93"
            },
            "customer_managed_key": [],
            "data_exfiltration_protection_enabled": null,
            "github_repo": [],
            "id": "/subscriptions/c103e0b7-895a-4bfd-90fa-166d56191647/resourceGroups/RG_Proyecto/providers/Microsoft.Synapse/workspaces/synapsejean93",
            "identity": [
              {
                "principal_id": "087bcda7-8010-463f-9698-74393ee49514",
                "tenant_id": "a68d78ff-0705-4ce1-a248-9f0433112f20",
                "type": "SystemAssigned"
              }
            ],
            "linking_allowed_for_aad_tenant_ids": null,
            "location": "eastus",
            "managed_resource_group_name": "synapseworkspace-managedrg-16f4ae1a-e63c-4a60-b42a-f93e908f4be0",
            "managed_virtual_network_enabled": false,
            "name": "synapsejean93",
            "public_network_access_enabled": true,
            "purview_id": null,
            "resource_group_name": "RG_Proyecto",
            "sql_aad_admin": [
              {
                "login": "live.com#jear.93@outlook.com",
                "object_id": "419e928c-05b9-448f-a856-31fb352a0d97",
                "tenant_id": "a68d78ff-0705-4ce1-a248-9f0433112f20"
              }
            ],
            "sql_administrator_login": "sqladmin",
            "sql_administrator_login_password": "B3lcorp2018$",
            "sql_identity_control_enabled": false,
            "storage_data_lake_gen2_filesystem_id": "https://snpsestgjean93.dfs.core.windows.net/snpsestgdljean93",
            "tags": null,
            "timeouts": null
          },
          "sensitive_attributes": [],
          "private": "eyJlMmJmYjczMC1lY2FhLTExZTYtOGY4OC0zNDM2M2JjN2M0YzAiOnsiY3JlYXRlIjoxODAwMDAwMDAwMDAwLCJkZWxldGUiOjE4MDAwMDAwMDAwMDAsInJlYWQiOjMwMDAwMDAwMDAwMCwidXBkYXRlIjoxODAwMDAwMDAwMDAwfX0=",
          "dependencies": [
            "module.rg.azurerm_resource_group.rg",
            "module.synapse.azurerm_storage_account.stg",
            "module.synapse.azurerm_storage_data_lake_gen2_filesystem.dtlkg2"
          ]
        }
      ]
    }
  ]
}
