{
  "version": 4,
  "terraform_version": "1.2.7",
  "serial": 43,
  "lineage": "e624e53e-4ca4-4b4f-a75b-4b762d1c35ee",
  "outputs": {},
  "resources": [
    {
      "module": "module.adf",
      "mode": "managed",
      "type": "azurerm_data_factory",
      "name": "adf",
      "provider": "provider[\"registry.terraform.io/hashicorp/azurerm\"]",
      "instances": [
        {
          "schema_version": 2,
          "attributes": {
            "customer_managed_key_id": "",
            "customer_managed_key_identity_id": "",
            "github_configuration": [
              {
                "account_name": "jeffangel",
                "branch_name": "principal",
                "git_url": "https://github.com",
                "repository_name": "DataFactory",
                "root_folder": "/"
              }
            ],
            "global_parameter": [],
            "id": "/subscriptions/c103e0b7-895a-4bfd-90fa-166d56191647/resourceGroups/RG_Proyecto/providers/Microsoft.DataFactory/factories/adfjean93",
            "identity": [
              {
                "identity_ids": [],
                "principal_id": "17bc1318-6acb-4f2b-be4d-e87d6eb36cec",
                "tenant_id": "a68d78ff-0705-4ce1-a248-9f0433112f20",
                "type": "SystemAssigned"
              }
            ],
            "location": "eastus",
            "managed_virtual_network_enabled": false,
            "name": "adfjean93",
            "public_network_enabled": true,
            "purview_id": null,
            "resource_group_name": "RG_Proyecto",
            "tags": {},
            "timeouts": null,
            "vsts_configuration": []
          },
          "sensitive_attributes": [],
          "private": "eyJlMmJmYjczMC1lY2FhLTExZTYtOGY4OC0zNDM2M2JjN2M0YzAiOnsiY3JlYXRlIjoxODAwMDAwMDAwMDAwLCJkZWxldGUiOjE4MDAwMDAwMDAwMDAsInJlYWQiOjMwMDAwMDAwMDAwMCwidXBkYXRlIjoxODAwMDAwMDAwMDAwfSwic2NoZW1hX3ZlcnNpb24iOiIyIn0=",
          "dependencies": [
            "module.rg.azurerm_resource_group.rg"
          ]
        }
      ]
    },
    {
      "module": "module.iot_hub",
      "mode": "managed",
      "type": "azurerm_iothub",
      "name": "iothub",
      "provider": "provider[\"registry.terraform.io/hashicorp/azurerm\"]",
      "instances": [
        {
          "schema_version": 0,
          "attributes": {
            "cloud_to_device": [
              {
                "default_ttl": "PT1H",
                "feedback": [
                  {
                    "lock_duration": "PT1M",
                    "max_delivery_count": 10,
                    "time_to_live": "PT1H"
                  }
                ],
                "max_delivery_count": 10
              }
            ],
            "endpoint": [
              {
                "authentication_type": "keyBased",
                "batch_frequency_in_seconds": 60,
                "connection_string": "DefaultEndpointsProtocol=https;BlobEndpoint=https://stgdtlkg2iotjean93.blob.core.windows.net/;AccountName=stgdtlkg2iotjean93;AccountKey=****",
                "container_name": "container",
                "encoding": "Avro",
                "endpoint_uri": "",
                "entity_path": "",
                "file_name_format": "{iothub}/{partition}_{YYYY}_{MM}_{DD}_{HH}_{mm}",
                "identity_id": "",
                "max_chunk_size_in_bytes": 10485760,
                "name": "Export",
                "resource_group_name": "",
                "type": "AzureIotHub.StorageContainer"
              }
            ],
            "enrichment": [],
            "event_hub_events_endpoint": "sb://ihsuprodblres004dednamespace.servicebus.windows.net/",
            "event_hub_events_namespace": "ihsuprodblres004dednamespace",
            "event_hub_events_path": "iothub-ehub-jeariothub-21548301-dbe90c0d20",
            "event_hub_operations_endpoint": null,
            "event_hub_operations_path": null,
            "event_hub_partition_count": 2,
            "event_hub_retention_in_days": 1,
            "fallback_route": [
              {
                "condition": "true",
                "enabled": true,
                "endpoint_names": [
                  "events"
                ],
                "source": "DeviceMessages"
              }
            ],
            "file_upload": [],
            "hostname": "jeariothub1.azure-devices.net",
            "id": "/subscriptions/c103e0b7-895a-4bfd-90fa-166d56191647/resourceGroups/RG_Proyecto/providers/Microsoft.Devices/IotHubs/jeariothub1",
            "identity": [],
            "location": "eastus",
            "min_tls_version": "",
            "name": "jeariothub1",
            "network_rule_set": [],
            "public_network_access_enabled": null,
            "resource_group_name": "RG_Proyecto",
            "route": [
              {
                "condition": "true",
                "enabled": true,
                "endpoint_names": [
                  "export"
                ],
                "name": "route1",
                "source": "DeviceMessages"
              }
            ],
            "shared_access_policy": [
              {
                "key_name": "iothubowner",
                "permissions": "RegistryWrite, ServiceConnect, DeviceConnect",
                "primary_key": "kWZMytWhxpbD2HJJI4O/+RRIYgXzFmaCpkf7fUfaROU=",
                "secondary_key": "aT4aVWd0kPbFiGY39OIMYj2nCJKjUXlNwUPZAclFdrQ="
              },
              {
                "key_name": "service",
                "permissions": "ServiceConnect",
                "primary_key": "vWdPyyVizNabx17ZzLLLtJ1aDoArYiNVfVIv9AoRx9Y=",
                "secondary_key": "IHlNawhPj0Fv9ygk606zG9w74tNlY2ScHPou4zl5bQg="
              },
              {
                "key_name": "device",
                "permissions": "DeviceConnect",
                "primary_key": "pEVjYE4I6egcCKAKK5joCoG+oRS4G+rAmGFJzJWg8ck=",
                "secondary_key": "Qc4WfaCHv1OciqOGOScBSy9U+L3Cwow260kJEIVfwHw="
              },
              {
                "key_name": "registryRead",
                "permissions": "RegistryRead",
                "primary_key": "/I57HUhjwh/x/r1ikrF7/A6qo6MK9yOI85nhhgEtYkU=",
                "secondary_key": "/ReuvvL1F3MpWTJX2GanPBfqZH0xIxPywfdtT9tAYJg="
              },
              {
                "key_name": "registryReadWrite",
                "permissions": "RegistryWrite",
                "primary_key": "8fFNOLEPVrpMRHREKFBvwbNX1rAdGNdOkUAS3YgbSJs=",
                "secondary_key": "dISNH2xTI5+IMAnWdaW/keDXyVbdj0M0QfticIzth9U="
              }
            ],
            "sku": [
              {
                "capacity": 1,
                "name": "F1"
              }
            ],
            "tags": null,
            "timeouts": null,
            "type": "Microsoft.Devices/IotHubs"
          },
          "sensitive_attributes": [
            [
              {
                "type": "get_attr",
                "value": "endpoint"
              },
              {
                "type": "index",
                "value": {
                  "value": 0,
                  "type": "number"
                }
              },
              {
                "type": "get_attr",
                "value": "connection_string"
              }
            ]
          ],
          "private": "eyJlMmJmYjczMC1lY2FhLTExZTYtOGY4OC0zNDM2M2JjN2M0YzAiOnsiY3JlYXRlIjoxODAwMDAwMDAwMDAwLCJkZWxldGUiOjE4MDAwMDAwMDAwMDAsInJlYWQiOjMwMDAwMDAwMDAwMCwidXBkYXRlIjoxODAwMDAwMDAwMDAwfX0=",
          "dependencies": [
            "module.rg.azurerm_resource_group.rg",
            "module.stg_acc.azurerm_storage_account.stg_account",
            "module.stg_acc.azurerm_storage_container.container"
          ]
        }
      ]
    },
    {
      "module": "module.kv",
      "mode": "data",
      "type": "azurerm_client_config",
      "name": "current",
      "provider": "provider[\"registry.terraform.io/hashicorp/azurerm\"]",
      "instances": [
        {
          "schema_version": 0,
          "attributes": {
            "client_id": "04b07795-8ddb-461a-bbee-02f9e1bf7b46",
            "id": "2022-09-13 00:53:38.616105 +0000 UTC",
            "object_id": "419e928c-05b9-448f-a856-31fb352a0d97",
            "subscription_id": "c103e0b7-895a-4bfd-90fa-166d56191647",
            "tenant_id": "a68d78ff-0705-4ce1-a248-9f0433112f20",
            "timeouts": null
          },
          "sensitive_attributes": []
        }
      ]
    },
    {
      "module": "module.kv",
      "mode": "managed",
      "type": "azurerm_key_vault",
      "name": "kv",
      "provider": "provider[\"registry.terraform.io/hashicorp/azurerm\"]",
      "instances": [
        {
          "schema_version": 2,
          "attributes": {
            "access_policy": [
              {
                "application_id": "",
                "certificate_permissions": [
                  "Get",
                  "List",
                  "Backup",
                  "Delete",
                  "Purge",
                  "Recover",
                  "Restore"
                ],
                "key_permissions": [
                  "Get",
                  "Backup",
                  "Create",
                  "Decrypt",
                  "Delete",
                  "Encrypt",
                  "Get",
                  "Import",
                  "List",
                  "Purge",
                  "Recover",
                  "Restore",
                  "Sign",
                  "UnwrapKey",
                  "Update",
                  "Verify",
                  "WrapKey"
                ],
                "object_id": "419e928c-05b9-448f-a856-31fb352a0d97",
                "secret_permissions": [
                  "Get",
                  "List",
                  "Set",
                  "Restore",
                  "Recover",
                  "Purge",
                  "Delete",
                  "Backup"
                ],
                "storage_permissions": [
                  "Get",
                  "Backup",
                  "Delete",
                  "DeleteSAS",
                  "GetSAS",
                  "List",
                  "ListSAS",
                  "Purge",
                  "Recover",
                  "RegenerateKey",
                  "Restore",
                  "SetSAS",
                  "Set",
                  "Update"
                ],
                "tenant_id": "a68d78ff-0705-4ce1-a248-9f0433112f20"
              }
            ],
            "contact": [],
            "enable_rbac_authorization": false,
            "enabled_for_deployment": false,
            "enabled_for_disk_encryption": false,
            "enabled_for_template_deployment": false,
            "id": "/subscriptions/c103e0b7-895a-4bfd-90fa-166d56191647/resourceGroups/RG_Proyecto/providers/Microsoft.KeyVault/vaults/kvjear930219asd1992wl",
            "location": "eastus",
            "name": "kvjear930219asd1992wl",
            "network_acls": [
              {
                "bypass": "AzureServices",
                "default_action": "Allow",
                "ip_rules": [],
                "virtual_network_subnet_ids": []
              }
            ],
            "purge_protection_enabled": false,
            "resource_group_name": "RG_Proyecto",
            "sku_name": "standard",
            "soft_delete_retention_days": 7,
            "tags": {},
            "tenant_id": "a68d78ff-0705-4ce1-a248-9f0433112f20",
            "timeouts": null,
            "vault_uri": "https://kvjear930219asd1992wl.vault.azure.net/"
          },
          "sensitive_attributes": [],
          "private": "eyJlMmJmYjczMC1lY2FhLTExZTYtOGY4OC0zNDM2M2JjN2M0YzAiOnsiY3JlYXRlIjoxODAwMDAwMDAwMDAwLCJkZWxldGUiOjE4MDAwMDAwMDAwMDAsInJlYWQiOjMwMDAwMDAwMDAwMCwidXBkYXRlIjoxODAwMDAwMDAwMDAwfSwic2NoZW1hX3ZlcnNpb24iOiIyIn0=",
          "dependencies": [
            "module.kv.data.azurerm_client_config.current",
            "module.rg.azurerm_resource_group.rg"
          ]
        }
      ]
    },
    {
      "module": "module.kv",
      "mode": "managed",
      "type": "azurerm_key_vault_access_policy",
      "name": "accpol_adf",
      "provider": "provider[\"registry.terraform.io/hashicorp/azurerm\"]",
      "instances": [
        {
          "schema_version": 0,
          "attributes": {
            "application_id": "",
            "certificate_permissions": [],
            "id": "/subscriptions/c103e0b7-895a-4bfd-90fa-166d56191647/resourceGroups/RG_Proyecto/providers/Microsoft.KeyVault/vaults/kvjear930219asd1992wl/objectId/17bc1318-6acb-4f2b-be4d-e87d6eb36cec",
            "key_permissions": [
              "Get",
              "Backup",
              "Create",
              "Decrypt",
              "Delete",
              "Encrypt",
              "Get",
              "Import",
              "List",
              "Purge",
              "Recover",
              "Restore",
              "Sign",
              "UnwrapKey",
              "Update",
              "Verify",
              "WrapKey"
            ],
            "key_vault_id": "/subscriptions/c103e0b7-895a-4bfd-90fa-166d56191647/resourceGroups/RG_Proyecto/providers/Microsoft.KeyVault/vaults/kvjear930219asd1992wl",
            "object_id": "17bc1318-6acb-4f2b-be4d-e87d6eb36cec",
            "secret_permissions": [
              "Get",
              "List",
              "Set",
              "Restore",
              "Recover",
              "Purge",
              "Delete",
              "Backup"
            ],
            "storage_permissions": [],
            "tenant_id": "a68d78ff-0705-4ce1-a248-9f0433112f20",
            "timeouts": null
          },
          "sensitive_attributes": [],
          "private": "eyJlMmJmYjczMC1lY2FhLTExZTYtOGY4OC0zNDM2M2JjN2M0YzAiOnsiY3JlYXRlIjoxODAwMDAwMDAwMDAwLCJkZWxldGUiOjE4MDAwMDAwMDAwMDAsInJlYWQiOjMwMDAwMDAwMDAwMCwidXBkYXRlIjoxODAwMDAwMDAwMDAwfX0=",
          "dependencies": [
            "module.adf.azurerm_data_factory.adf",
            "module.kv.azurerm_key_vault.kv",
            "module.kv.data.azurerm_client_config.current",
            "module.rg.azurerm_resource_group.rg"
          ]
        }
      ]
    },
    {
      "module": "module.kv",
      "mode": "managed",
      "type": "azurerm_key_vault_secret",
      "name": "secret1",
      "provider": "provider[\"registry.terraform.io/hashicorp/azurerm\"]",
      "instances": [
        {
          "schema_version": 0,
          "attributes": {
            "content_type": "",
            "expiration_date": null,
            "id": "https://kvjear930219asd1992wl.vault.azure.net/secrets/primary-access-key/7613da40d2344e7395445eb19017ae2f",
            "key_vault_id": "/subscriptions/c103e0b7-895a-4bfd-90fa-166d56191647/resourceGroups/RG_Proyecto/providers/Microsoft.KeyVault/vaults/kvjear930219asd1992wl",
            "name": "primary-access-key",
            "not_before_date": null,
            "resource_id": "/subscriptions/c103e0b7-895a-4bfd-90fa-166d56191647/resourceGroups/RG_Proyecto/providers/Microsoft.KeyVault/vaults/kvjear930219asd1992wl/secrets/primary-access-key/versions/7613da40d2344e7395445eb19017ae2f",
            "resource_versionless_id": "/subscriptions/c103e0b7-895a-4bfd-90fa-166d56191647/resourceGroups/RG_Proyecto/providers/Microsoft.KeyVault/vaults/kvjear930219asd1992wl/secrets/primary-access-key",
            "tags": {},
            "timeouts": null,
            "value": "ig1O2kchx/JCX7pNlOBMUglld2ml8KbkXO8XPMUbEPG/tF6LrVVfB8TabwsN/qAOW4pevErSlvOa+AStIyzjJw==",
            "version": "7613da40d2344e7395445eb19017ae2f",
            "versionless_id": "https://kvjear930219asd1992wl.vault.azure.net/secrets/primary-access-key"
          },
          "sensitive_attributes": [
            [
              {
                "type": "get_attr",
                "value": "value"
              }
            ]
          ],
          "private": "eyJlMmJmYjczMC1lY2FhLTExZTYtOGY4OC0zNDM2M2JjN2M0YzAiOnsiY3JlYXRlIjoxODAwMDAwMDAwMDAwLCJkZWxldGUiOjE4MDAwMDAwMDAwMDAsInJlYWQiOjMwMDAwMDAwMDAwMCwidXBkYXRlIjoxODAwMDAwMDAwMDAwfX0=",
          "dependencies": [
            "module.kv.azurerm_key_vault.kv",
            "module.kv.data.azurerm_client_config.current",
            "module.rg.azurerm_resource_group.rg",
            "module.stg_acc.azurerm_storage_account.stg_account"
          ]
        }
      ]
    },
    {
      "module": "module.kv",
      "mode": "managed",
      "type": "azurerm_key_vault_secret",
      "name": "secret2",
      "provider": "provider[\"registry.terraform.io/hashicorp/azurerm\"]",
      "instances": [
        {
          "schema_version": 0,
          "attributes": {
            "content_type": "",
            "expiration_date": null,
            "id": "https://kvjear930219asd1992wl.vault.azure.net/secrets/primary-dfs-endpoint/f7e44545266140beb69ec3d44200a88c",
            "key_vault_id": "/subscriptions/c103e0b7-895a-4bfd-90fa-166d56191647/resourceGroups/RG_Proyecto/providers/Microsoft.KeyVault/vaults/kvjear930219asd1992wl",
            "name": "primary-dfs-endpoint",
            "not_before_date": null,
            "resource_id": "/subscriptions/c103e0b7-895a-4bfd-90fa-166d56191647/resourceGroups/RG_Proyecto/providers/Microsoft.KeyVault/vaults/kvjear930219asd1992wl/secrets/primary-dfs-endpoint/versions/f7e44545266140beb69ec3d44200a88c",
            "resource_versionless_id": "/subscriptions/c103e0b7-895a-4bfd-90fa-166d56191647/resourceGroups/RG_Proyecto/providers/Microsoft.KeyVault/vaults/kvjear930219asd1992wl/secrets/primary-dfs-endpoint",
            "tags": {},
            "timeouts": null,
            "value": "https://stgdtlkg2iotjean93.dfs.core.windows.net/",
            "version": "f7e44545266140beb69ec3d44200a88c",
            "versionless_id": "https://kvjear930219asd1992wl.vault.azure.net/secrets/primary-dfs-endpoint"
          },
          "sensitive_attributes": [],
          "private": "eyJlMmJmYjczMC1lY2FhLTExZTYtOGY4OC0zNDM2M2JjN2M0YzAiOnsiY3JlYXRlIjoxODAwMDAwMDAwMDAwLCJkZWxldGUiOjE4MDAwMDAwMDAwMDAsInJlYWQiOjMwMDAwMDAwMDAwMCwidXBkYXRlIjoxODAwMDAwMDAwMDAwfX0=",
          "dependencies": [
            "module.kv.azurerm_key_vault.kv",
            "module.kv.data.azurerm_client_config.current",
            "module.rg.azurerm_resource_group.rg",
            "module.stg_acc.azurerm_storage_account.stg_account"
          ]
        }
      ]
    },
    {
      "module": "module.rg",
      "mode": "managed",
      "type": "azurerm_resource_group",
      "name": "rg",
      "provider": "provider[\"registry.terraform.io/hashicorp/azurerm\"]",
      "instances": [
        {
          "schema_version": 0,
          "attributes": {
            "id": "/subscriptions/c103e0b7-895a-4bfd-90fa-166d56191647/resourceGroups/RG_Proyecto",
            "location": "eastus",
            "name": "RG_Proyecto",
            "tags": {},
            "timeouts": null
          },
          "sensitive_attributes": [],
          "private": "eyJlMmJmYjczMC1lY2FhLTExZTYtOGY4OC0zNDM2M2JjN2M0YzAiOnsiY3JlYXRlIjo1NDAwMDAwMDAwMDAwLCJkZWxldGUiOjU0MDAwMDAwMDAwMDAsInJlYWQiOjMwMDAwMDAwMDAwMCwidXBkYXRlIjo1NDAwMDAwMDAwMDAwfX0="
        }
      ]
    },
    {
      "module": "module.stg_acc",
      "mode": "managed",
      "type": "azurerm_storage_account",
      "name": "stg_account",
      "provider": "provider[\"registry.terraform.io/hashicorp/azurerm\"]",
      "instances": [
        {
          "schema_version": 3,
          "attributes": {
            "access_tier": "Hot",
            "account_kind": "StorageV2",
            "account_replication_type": "LRS",
            "account_tier": "Standard",
            "allow_nested_items_to_be_public": true,
            "azure_files_authentication": [],
            "blob_properties": [
              {
                "change_feed_enabled": false,
                "change_feed_retention_in_days": 0,
                "container_delete_retention_policy": [],
                "cors_rule": [],
                "default_service_version": "",
                "delete_retention_policy": [],
                "last_access_time_enabled": false,
                "versioning_enabled": false
              }
            ],
            "cross_tenant_replication_enabled": true,
            "custom_domain": [],
            "customer_managed_key": [],
            "edge_zone": "",
            "enable_https_traffic_only": true,
            "id": "/subscriptions/c103e0b7-895a-4bfd-90fa-166d56191647/resourceGroups/RG_Proyecto/providers/Microsoft.Storage/storageAccounts/stgdtlkg2iotjean93",
            "identity": [],
            "infrastructure_encryption_enabled": false,
            "is_hns_enabled": true,
            "large_file_share_enabled": null,
            "location": "eastus",
            "min_tls_version": "TLS1_2",
            "name": "stgdtlkg2iotjean93",
            "network_rules": [
              {
                "bypass": [
                  "AzureServices"
                ],
                "default_action": "Allow",
                "ip_rules": [],
                "private_link_access": [],
                "virtual_network_subnet_ids": []
              }
            ],
            "nfsv3_enabled": false,
            "primary_access_key": "ig1O2kchx/JCX7pNlOBMUglld2ml8KbkXO8XPMUbEPG/tF6LrVVfB8TabwsN/qAOW4pevErSlvOa+AStIyzjJw==",
            "primary_blob_connection_string": "DefaultEndpointsProtocol=https;BlobEndpoint=https://stgdtlkg2iotjean93.blob.core.windows.net/;AccountName=stgdtlkg2iotjean93;AccountKey=ig1O2kchx/JCX7pNlOBMUglld2ml8KbkXO8XPMUbEPG/tF6LrVVfB8TabwsN/qAOW4pevErSlvOa+AStIyzjJw==",
            "primary_blob_endpoint": "https://stgdtlkg2iotjean93.blob.core.windows.net/",
            "primary_blob_host": "stgdtlkg2iotjean93.blob.core.windows.net",
            "primary_connection_string": "DefaultEndpointsProtocol=https;AccountName=stgdtlkg2iotjean93;AccountKey=ig1O2kchx/JCX7pNlOBMUglld2ml8KbkXO8XPMUbEPG/tF6LrVVfB8TabwsN/qAOW4pevErSlvOa+AStIyzjJw==;EndpointSuffix=core.windows.net",
            "primary_dfs_endpoint": "https://stgdtlkg2iotjean93.dfs.core.windows.net/",
            "primary_dfs_host": "stgdtlkg2iotjean93.dfs.core.windows.net",
            "primary_file_endpoint": "https://stgdtlkg2iotjean93.file.core.windows.net/",
            "primary_file_host": "stgdtlkg2iotjean93.file.core.windows.net",
            "primary_location": "eastus",
            "primary_queue_endpoint": "https://stgdtlkg2iotjean93.queue.core.windows.net/",
            "primary_queue_host": "stgdtlkg2iotjean93.queue.core.windows.net",
            "primary_table_endpoint": "https://stgdtlkg2iotjean93.table.core.windows.net/",
            "primary_table_host": "stgdtlkg2iotjean93.table.core.windows.net",
            "primary_web_endpoint": "https://stgdtlkg2iotjean93.z13.web.core.windows.net/",
            "primary_web_host": "stgdtlkg2iotjean93.z13.web.core.windows.net",
            "queue_encryption_key_type": "Service",
            "queue_properties": [
              {
                "cors_rule": [],
                "hour_metrics": [
                  {
                    "enabled": true,
                    "include_apis": true,
                    "retention_policy_days": 7,
                    "version": "1.0"
                  }
                ],
                "logging": [
                  {
                    "delete": false,
                    "read": false,
                    "retention_policy_days": 0,
                    "version": "1.0",
                    "write": false
                  }
                ],
                "minute_metrics": [
                  {
                    "enabled": false,
                    "include_apis": false,
                    "retention_policy_days": 0,
                    "version": "1.0"
                  }
                ]
              }
            ],
            "resource_group_name": "RG_Proyecto",
            "routing": [],
            "secondary_access_key": "XTneShdWS7uVnnmR8znw4BUaK6SQnjtOPx2JyOI6UDoNY9xd+MEi+7xzOMI0BQkkG2sahtt95R/E+AStsnr33Q==",
            "secondary_blob_connection_string": "",
            "secondary_blob_endpoint": null,
            "secondary_blob_host": null,
            "secondary_connection_string": "DefaultEndpointsProtocol=https;AccountName=stgdtlkg2iotjean93;AccountKey=XTneShdWS7uVnnmR8znw4BUaK6SQnjtOPx2JyOI6UDoNY9xd+MEi+7xzOMI0BQkkG2sahtt95R/E+AStsnr33Q==;EndpointSuffix=core.windows.net",
            "secondary_dfs_endpoint": null,
            "secondary_dfs_host": null,
            "secondary_file_endpoint": null,
            "secondary_file_host": null,
            "secondary_location": "",
            "secondary_queue_endpoint": null,
            "secondary_queue_host": null,
            "secondary_table_endpoint": null,
            "secondary_table_host": null,
            "secondary_web_endpoint": null,
            "secondary_web_host": null,
            "share_properties": [
              {
                "cors_rule": [],
                "retention_policy": [
                  {
                    "days": 7
                  }
                ],
                "smb": []
              }
            ],
            "shared_access_key_enabled": true,
            "static_website": [],
            "table_encryption_key_type": "Service",
            "tags": {},
            "timeouts": null
          },
          "sensitive_attributes": [],
          "private": "eyJlMmJmYjczMC1lY2FhLTExZTYtOGY4OC0zNDM2M2JjN2M0YzAiOnsiY3JlYXRlIjozNjAwMDAwMDAwMDAwLCJkZWxldGUiOjM2MDAwMDAwMDAwMDAsInJlYWQiOjMwMDAwMDAwMDAwMCwidXBkYXRlIjozNjAwMDAwMDAwMDAwfSwic2NoZW1hX3ZlcnNpb24iOiIzIn0=",
          "dependencies": [
            "module.rg.azurerm_resource_group.rg"
          ]
        }
      ]
    },
    {
      "module": "module.stg_acc",
      "mode": "managed",
      "type": "azurerm_storage_container",
      "name": "container",
      "provider": "provider[\"registry.terraform.io/hashicorp/azurerm\"]",
      "instances": [
        {
          "schema_version": 1,
          "attributes": {
            "container_access_type": "private",
            "has_immutability_policy": false,
            "has_legal_hold": false,
            "id": "https://stgdtlkg2iotjean93.blob.core.windows.net/container",
            "metadata": {},
            "name": "container",
            "resource_manager_id": "/subscriptions/c103e0b7-895a-4bfd-90fa-166d56191647/resourceGroups/RG_Proyecto/providers/Microsoft.Storage/storageAccounts/stgdtlkg2iotjean93/blobServices/default/containers/container",
            "storage_account_name": "stgdtlkg2iotjean93",
            "timeouts": null
          },
          "sensitive_attributes": [],
          "private": "eyJlMmJmYjczMC1lY2FhLTExZTYtOGY4OC0zNDM2M2JjN2M0YzAiOnsiY3JlYXRlIjoxODAwMDAwMDAwMDAwLCJkZWxldGUiOjE4MDAwMDAwMDAwMDAsInJlYWQiOjMwMDAwMDAwMDAwMCwidXBkYXRlIjoxODAwMDAwMDAwMDAwfSwic2NoZW1hX3ZlcnNpb24iOiIxIn0=",
          "dependencies": [
            "module.rg.azurerm_resource_group.rg",
            "module.stg_acc.azurerm_storage_account.stg_account"
          ]
        }
      ]
    }
  ]
}
